{
  "version": 4,
  "terraform_version": "1.10.1",
  "serial": 16,
  "lineage": "2f9d6324-2d84-6516-566a-55d709c4ff4f",
  "outputs": {},
  "resources": [
    {
      "mode": "managed",
      "type": "google_compute_network",
      "name": "vpc_network",
      "provider": "provider[\"registry.terraform.io/hashicorp/google\"]",
      "instances": [
        {
          "schema_version": 0,
          "attributes": {
            "auto_create_subnetworks": false,
            "delete_default_routes_on_create": false,
            "description": "",
            "enable_ula_internal_ipv6": false,
            "gateway_ipv4": "",
            "id": "projects/gcp-project-440416/global/networks/vpc-network",
            "internal_ipv6_range": "",
            "mtu": 0,
            "name": "vpc-network",
            "network_firewall_policy_enforcement_order": "AFTER_CLASSIC_FIREWALL",
            "numeric_id": "5658937432158409947",
            "project": "gcp-project-440416",
            "routing_mode": "REGIONAL",
            "self_link": "https://www.googleapis.com/compute/v1/projects/gcp-project-440416/global/networks/vpc-network",
            "timeouts": null
          },
          "sensitive_attributes": [],
          "private": "eyJlMmJmYjczMC1lY2FhLTExZTYtOGY4OC0zNDM2M2JjN2M0YzAiOnsiY3JlYXRlIjoxMjAwMDAwMDAwMDAwLCJkZWxldGUiOjEyMDAwMDAwMDAwMDAsInVwZGF0ZSI6MTIwMDAwMDAwMDAwMH19"
        }
      ]
    },
    {
      "mode": "managed",
      "type": "google_compute_subnetwork",
      "name": "sub_network",
      "provider": "provider[\"registry.terraform.io/hashicorp/google\"]",
      "instances": [
        {
          "schema_version": 0,
          "attributes": {
            "creation_timestamp": "2024-12-12T10:24:10.572-08:00",
            "description": "",
            "external_ipv6_prefix": "",
            "fingerprint": null,
            "gateway_address": "10.2.0.1",
            "id": "projects/gcp-project-440416/regions/us-central1/subnetworks/sub-network",
            "internal_ipv6_prefix": "",
            "ip_cidr_range": "10.2.0.0/16",
            "ipv6_access_type": "",
            "ipv6_cidr_range": "",
            "log_config": [],
            "name": "sub-network",
            "network": "https://www.googleapis.com/compute/v1/projects/gcp-project-440416/global/networks/vpc-network",
            "private_ip_google_access": false,
            "private_ipv6_google_access": "DISABLE_GOOGLE_ACCESS",
            "project": "gcp-project-440416",
            "purpose": "PRIVATE",
            "region": "us-central1",
            "reserved_internal_range": "",
            "role": "",
            "secondary_ip_range": [],
            "self_link": "https://www.googleapis.com/compute/v1/projects/gcp-project-440416/regions/us-central1/subnetworks/sub-network",
            "send_secondary_ip_range_if_empty": null,
            "stack_type": "IPV4_ONLY",
            "subnetwork_id": -1175022427,
            "timeouts": null
          },
          "sensitive_attributes": [],
          "private": "eyJlMmJmYjczMC1lY2FhLTExZTYtOGY4OC0zNDM2M2JjN2M0YzAiOnsiY3JlYXRlIjoxMjAwMDAwMDAwMDAwLCJkZWxldGUiOjEyMDAwMDAwMDAwMDAsInVwZGF0ZSI6MTIwMDAwMDAwMDAwMH19",
          "dependencies": [
            "google_compute_network.vpc_network"
          ]
        }
      ]
    },
    {
      "mode": "managed",
      "type": "google_secret_manager_secret",
      "name": "hari_service_account_key_secret",
      "provider": "provider[\"registry.terraform.io/hashicorp/google\"]",
      "instances": [
        {
          "schema_version": 0,
          "attributes": {
            "annotations": {},
            "create_time": "2024-12-12T18:23:48.492953Z",
            "effective_annotations": {},
            "effective_labels": {
              "goog-terraform-provisioned": "true",
              "secretmanager": "service_account_key"
            },
            "expire_time": "",
            "id": "projects/gcp-project-440416/secrets/service_account_key",
            "labels": {
              "secretmanager": "service_account_key"
            },
            "name": "projects/41732758230/secrets/service_account_key",
            "project": "gcp-project-440416",
            "replication": [
              {
                "auto": [
                  {
                    "customer_managed_encryption": []
                  }
                ],
                "user_managed": []
              }
            ],
            "rotation": [],
            "secret_id": "service_account_key",
            "terraform_labels": {
              "goog-terraform-provisioned": "true",
              "secretmanager": "service_account_key"
            },
            "timeouts": null,
            "topics": [],
            "ttl": null,
            "version_aliases": {},
            "version_destroy_ttl": ""
          },
          "sensitive_attributes": [],
          "private": "eyJlMmJmYjczMC1lY2FhLTExZTYtOGY4OC0zNDM2M2JjN2M0YzAiOnsiY3JlYXRlIjoxMjAwMDAwMDAwMDAwLCJkZWxldGUiOjEyMDAwMDAwMDAwMDAsInVwZGF0ZSI6MTIwMDAwMDAwMDAwMH19"
        }
      ]
    },
    {
      "mode": "managed",
      "type": "google_secret_manager_secret_version",
      "name": "custom_service_account_key_version2",
      "provider": "provider[\"registry.terraform.io/hashicorp/google\"]",
      "instances": [
        {
          "schema_version": 0,
          "attributes": {
            "create_time": "2024-12-12T18:23:49.687616Z",
            "deletion_policy": "DELETE",
            "destroy_time": "",
            "enabled": true,
            "id": "projects/41732758230/secrets/service_account_key/versions/1",
            "is_secret_data_base64": false,
            "name": "projects/41732758230/secrets/service_account_key/versions/1",
            "secret": "projects/gcp-project-440416/secrets/service_account_key",
            "secret_data": "Harichandana Gattamaneni",
            "timeouts": null,
            "version": "1"
          },
          "sensitive_attributes": [
            [
              {
                "type": "get_attr",
                "value": "secret_data"
              }
            ]
          ],
          "private": "eyJlMmJmYjczMC1lY2FhLTExZTYtOGY4OC0zNDM2M2JjN2M0YzAiOnsiY3JlYXRlIjoxMjAwMDAwMDAwMDAwLCJkZWxldGUiOjEyMDAwMDAwMDAwMDAsInVwZGF0ZSI6MTIwMDAwMDAwMDAwMH19",
          "dependencies": [
            "google_secret_manager_secret.hari_service_account_key_secret"
          ]
        }
      ]
    },
    {
      "mode": "managed",
      "type": "google_secret_manager_secret_version",
      "name": "hari_service_account_key_version1",
      "provider": "provider[\"registry.terraform.io/hashicorp/google\"]",
      "instances": [
        {
          "schema_version": 0,
          "attributes": {
            "create_time": "2024-12-12T18:24:12.593799Z",
            "deletion_policy": "DELETE",
            "destroy_time": "",
            "enabled": true,
            "id": "projects/41732758230/secrets/service_account_key/versions/2",
            "is_secret_data_base64": false,
            "name": "projects/41732758230/secrets/service_account_key/versions/2",
            "secret": "projects/gcp-project-440416/secrets/service_account_key",
            "secret_data": "ewogICJ0eXBlIjogInNlcnZpY2VfYWNjb3VudCIsCiAgInByb2plY3RfaWQiOiAiZ2NwLXByb2plY3QtNDQwNDE2IiwKICAicHJpdmF0ZV9rZXlfaWQiOiAiNjUwZDFmNzNiMjJkMmE1NDU0MzYzNjMzMzYzMGVkN2Y0ZjllZmQ4OSIsCiAgInByaXZhdGVfa2V5IjogIi0tLS0tQkVHSU4gUFJJVkFURSBLRVktLS0tLVxuTUlJRXZnSUJBREFOQmdrcWhraUc5dzBCQVFFRkFBU0NCS2d3Z2dTa0FnRUFBb0lCQVFDeUtDalg2WHN6dVBPNFxuZC9jcTdrenR4SWxjUGlYNVNIY2xsTmZURnBzYWo0OVBwN3Z2N3ZicEFPTllnYnFRRXFoU2NUMmx1WHhoMUhlSVxucWtQOWVLSGFVbUpQKytValRseEVSbUFDVU0yZnpoME9Gcjd0SHpyMmFsVlZTZEFFcDBvVzBma0E5SUFxVGEwcVxuVzdNdTRyL0N0Qzh6emx4REQraDlXaEN3OWMwZ0lEU3hTMWdXSWZaaHg1VkNNWnFWUnlZV0IxSmNma1hKbk9hQVxuTjdXSkxHQXVsVFR6OWVjcldmcGFLandjVm5HZlZHYysxbWxWOWkvOGtXTjZRbDFwWERFU3A1RmJaWTgrajZDNVxuMXlPZW5Mb2twMzRPZGY4TnAxRHVGbW5tQit3cVZYNUZ4ejBNanFEaDEzNG5IZk1ZUDFrbVZQbkF6djhUa0hoUlxuUnRGNnVJQkpBZ01CQUFFQ2dnRUFJeFhTbVZiVFd3ZkpBNktvakExYkhCWXhBUGdDVFhvT2NObkR1VUFCOHJTa1xuQWdsajh5Z0orekFnRmIyU3FxM3A5VFowOEE2NzVwNUxuaC85L015RmYzUHJCWnB6Y1VVTTJhdE1YQmhpcmw2T1xualVoQWVIMUdoT0hEQldWZ2NKSXJmcHdDWUVSR2UwNUoxSVl6bnYrcnlTSG9DOWxQaFN0OFd6ZGlBeCtkTW42Z1xuaDltUGNsVnRsUG1oYkQxaWEwRDVYMytWdVIvb0pyVlRIRFpzWGZ6V2xNWURMZWNDWWlRbHdFeEwxWHUzcFk4MlxuWGlYRkpQbFBwL2x5MWh2cVFieXlRMDJySnpWZVdmVkhWaTZpR1VuY2tpbHQ5eTVNT1VLS0hOYzZzTGpBRXRuaFxuWlp0S29vakhYakVCSHhjc0ttZXVHQU1yWlBDQmZhQlREd3FlRVY4SEV3S0JnUUR2WHlkOHFrT3R2bVVaWlUreFxuZlVMbEtwTnhaaWprQStCTXIyVFBHeDBzZmJMOWk1aTRTbVZtZ2dGWFcvcDh1WUJvZFhNMytYYjhUVkNHRGpHYVxuVDFlTUJhSkkvL3owbzV4cjFsWllkbmZEY3gySnppZmlXZk15WGhVbGtCajk1MGlqMndqazZqdzkrQ0lGOEdVNFxubU1LNXRzSDJLbFVTZ3MyOEF2RFQrN0VyWHdLQmdRQytpR1dWbGFTcU1zd1dWSWZpNlpoUnNOVE1SU3pJd05hRVxuMGRXeC9PKytCeGd3TlpLa2djdm9kaC9kdEZhVUtzUnZxUXM0RFAvTW9GaG5JcG9JWE1ENlRUS3lGdnpLTHRFdlxuREUzaHJsUW5ZTUxPK3FaQUxQZ241YkgweWR3bXE2a2wxdldaaGdPYWxKSGVtWmZUdnhJamlHd1pnMkNPZWNhUFxuWDE3aVVBY2RWd0tCZ0QzNmpGWGFIQ1g3ZTEvay9JcC9YWGZLMjF4c1VFQWh4TXoyU1FyYkFXWElzalMyRlhmNlxuUTJFVVhsYUpTVVZNSHJSdFhNVHNnZU4zL1ZhSWpFMWhKOURva0ltSVJxM3RRdzRrOUR4NWlDOENPbTY1QTFpM1xuWTZIeC9GVzZoczRQT1o2N2t3VDZwVmlDVEFUdnByWE56L1dZSFlhb2xWaHlwK1I3ZW5IWTVKblBBb0dCQUl2MlxueUtFRkI2eWJtajdCSS8xMTJoWVFqNUhyTXdYYVd2dkE1WGxWdEl2a3pFa0Y0YzZGSnRTQ2lkQWtuUUZGRlg1dFxuTUxlaEhQd2x3aXNwU1B2aG4wV0FGa0NyRUZJNTZDTG1xQU9rTzErZC9oMXNGVnJKYmhabzdyeEMyVDF6RnRPY1xuUUZqaUVKMnFqQ2w0clFhNHNzdDFlT3VaRGdJN3hMZ251QjBKNnVBTEFvR0JBT25oOStCY3dpTlQwb0o3ZkRpV1xuVHpYdXpxSmhyQ0dnZDdZV1hRRHZSekl2NEc2aEtIMldpM1dJZ0VCYUtlZTRPU2RCcjFYTEluOVExbkp3S0RlTFxuMjFLTnJSV1VvZEphZXBYMGlDSzI4TlhXb3hQL1N2Q3R2dExKNXQwZityRlErQnRGclQyRVpDcVNndVJtSVFqQVxuZEl0enFIUGV5eVZ3YjdISVNuT0lmYmx0XG4tLS0tLUVORCBQUklWQVRFIEtFWS0tLS0tXG4iLAogICJjbGllbnRfZW1haWwiOiAiaGFyaWNoYW5kYW5hQGdjcC1wcm9qZWN0LTQ0MDQxNi5pYW0uZ3NlcnZpY2VhY2NvdW50LmNvbSIsCiAgImNsaWVudF9pZCI6ICIxMTU5NDcyOTA3ODQyMDczNzE0NjAiLAogICJhdXRoX3VyaSI6ICJodHRwczovL2FjY291bnRzLmdvb2dsZS5jb20vby9vYXV0aDIvYXV0aCIsCiAgInRva2VuX3VyaSI6ICJodHRwczovL29hdXRoMi5nb29nbGVhcGlzLmNvbS90b2tlbiIsCiAgImF1dGhfcHJvdmlkZXJfeDUwOV9jZXJ0X3VybCI6ICJodHRwczovL3d3dy5nb29nbGVhcGlzLmNvbS9vYXV0aDIvdjEvY2VydHMiLAogICJjbGllbnRfeDUwOV9jZXJ0X3VybCI6ICJodHRwczovL3d3dy5nb29nbGVhcGlzLmNvbS9yb2JvdC92MS9tZXRhZGF0YS94NTA5L2hhcmljaGFuZGFuYSU0MGdjcC1wcm9qZWN0LTQ0MDQxNi5pYW0uZ3NlcnZpY2VhY2NvdW50LmNvbSIsCiAgInVuaXZlcnNlX2RvbWFpbiI6ICJnb29nbGVhcGlzLmNvbSIKfQo=",
            "timeouts": null,
            "version": "2"
          },
          "sensitive_attributes": [
            [
              {
                "type": "get_attr",
                "value": "secret_data"
              }
            ]
          ],
          "private": "eyJlMmJmYjczMC1lY2FhLTExZTYtOGY4OC0zNDM2M2JjN2M0YzAiOnsiY3JlYXRlIjoxMjAwMDAwMDAwMDAwLCJkZWxldGUiOjEyMDAwMDAwMDAwMDAsInVwZGF0ZSI6MTIwMDAwMDAwMDAwMH19",
          "dependencies": [
            "google_secret_manager_secret.hari_service_account_key_secret",
            "google_service_account.hari_service_account_gcp",
            "google_service_account_key.hari_service_account_key"
          ]
        }
      ]
    },
    {
      "mode": "managed",
      "type": "google_service_account",
      "name": "hari_service_account_gcp",
      "provider": "provider[\"registry.terraform.io/hashicorp/google\"]",
      "instances": [
        {
          "schema_version": 0,
          "attributes": {
            "account_id": "harichandana",
            "create_ignore_already_exists": null,
            "description": "",
            "disabled": false,
            "display_name": "devops-terraform",
            "email": "harichandana@gcp-project-440416.iam.gserviceaccount.com",
            "id": "projects/gcp-project-440416/serviceAccounts/harichandana@gcp-project-440416.iam.gserviceaccount.com",
            "member": "serviceAccount:harichandana@gcp-project-440416.iam.gserviceaccount.com",
            "name": "projects/gcp-project-440416/serviceAccounts/harichandana@gcp-project-440416.iam.gserviceaccount.com",
            "project": "gcp-project-440416",
            "timeouts": null,
            "unique_id": "115947290784207371460"
          },
          "sensitive_attributes": [],
          "private": "eyJlMmJmYjczMC1lY2FhLTExZTYtOGY4OC0zNDM2M2JjN2M0YzAiOnsiY3JlYXRlIjozMDAwMDAwMDAwMDB9fQ=="
        }
      ]
    },
    {
      "mode": "managed",
      "type": "google_service_account_key",
      "name": "hari_service_account_key",
      "provider": "provider[\"registry.terraform.io/hashicorp/google\"]",
      "instances": [
        {
          "schema_version": 0,
          "attributes": {
            "id": "projects/gcp-project-440416/serviceAccounts/harichandana@gcp-project-440416.iam.gserviceaccount.com/keys/650d1f73b22d2a54543636333630ed7f4f9efd89",
            "keepers": null,
            "key_algorithm": "KEY_ALG_RSA_2048",
            "name": "projects/gcp-project-440416/serviceAccounts/harichandana@gcp-project-440416.iam.gserviceaccount.com/keys/650d1f73b22d2a54543636333630ed7f4f9efd89",
            "private_key": "ewogICJ0eXBlIjogInNlcnZpY2VfYWNjb3VudCIsCiAgInByb2plY3RfaWQiOiAiZ2NwLXByb2plY3QtNDQwNDE2IiwKICAicHJpdmF0ZV9rZXlfaWQiOiAiNjUwZDFmNzNiMjJkMmE1NDU0MzYzNjMzMzYzMGVkN2Y0ZjllZmQ4OSIsCiAgInByaXZhdGVfa2V5IjogIi0tLS0tQkVHSU4gUFJJVkFURSBLRVktLS0tLVxuTUlJRXZnSUJBREFOQmdrcWhraUc5dzBCQVFFRkFBU0NCS2d3Z2dTa0FnRUFBb0lCQVFDeUtDalg2WHN6dVBPNFxuZC9jcTdrenR4SWxjUGlYNVNIY2xsTmZURnBzYWo0OVBwN3Z2N3ZicEFPTllnYnFRRXFoU2NUMmx1WHhoMUhlSVxucWtQOWVLSGFVbUpQKytValRseEVSbUFDVU0yZnpoME9Gcjd0SHpyMmFsVlZTZEFFcDBvVzBma0E5SUFxVGEwcVxuVzdNdTRyL0N0Qzh6emx4REQraDlXaEN3OWMwZ0lEU3hTMWdXSWZaaHg1VkNNWnFWUnlZV0IxSmNma1hKbk9hQVxuTjdXSkxHQXVsVFR6OWVjcldmcGFLandjVm5HZlZHYysxbWxWOWkvOGtXTjZRbDFwWERFU3A1RmJaWTgrajZDNVxuMXlPZW5Mb2twMzRPZGY4TnAxRHVGbW5tQit3cVZYNUZ4ejBNanFEaDEzNG5IZk1ZUDFrbVZQbkF6djhUa0hoUlxuUnRGNnVJQkpBZ01CQUFFQ2dnRUFJeFhTbVZiVFd3ZkpBNktvakExYkhCWXhBUGdDVFhvT2NObkR1VUFCOHJTa1xuQWdsajh5Z0orekFnRmIyU3FxM3A5VFowOEE2NzVwNUxuaC85L015RmYzUHJCWnB6Y1VVTTJhdE1YQmhpcmw2T1xualVoQWVIMUdoT0hEQldWZ2NKSXJmcHdDWUVSR2UwNUoxSVl6bnYrcnlTSG9DOWxQaFN0OFd6ZGlBeCtkTW42Z1xuaDltUGNsVnRsUG1oYkQxaWEwRDVYMytWdVIvb0pyVlRIRFpzWGZ6V2xNWURMZWNDWWlRbHdFeEwxWHUzcFk4MlxuWGlYRkpQbFBwL2x5MWh2cVFieXlRMDJySnpWZVdmVkhWaTZpR1VuY2tpbHQ5eTVNT1VLS0hOYzZzTGpBRXRuaFxuWlp0S29vakhYakVCSHhjc0ttZXVHQU1yWlBDQmZhQlREd3FlRVY4SEV3S0JnUUR2WHlkOHFrT3R2bVVaWlUreFxuZlVMbEtwTnhaaWprQStCTXIyVFBHeDBzZmJMOWk1aTRTbVZtZ2dGWFcvcDh1WUJvZFhNMytYYjhUVkNHRGpHYVxuVDFlTUJhSkkvL3owbzV4cjFsWllkbmZEY3gySnppZmlXZk15WGhVbGtCajk1MGlqMndqazZqdzkrQ0lGOEdVNFxubU1LNXRzSDJLbFVTZ3MyOEF2RFQrN0VyWHdLQmdRQytpR1dWbGFTcU1zd1dWSWZpNlpoUnNOVE1SU3pJd05hRVxuMGRXeC9PKytCeGd3TlpLa2djdm9kaC9kdEZhVUtzUnZxUXM0RFAvTW9GaG5JcG9JWE1ENlRUS3lGdnpLTHRFdlxuREUzaHJsUW5ZTUxPK3FaQUxQZ241YkgweWR3bXE2a2wxdldaaGdPYWxKSGVtWmZUdnhJamlHd1pnMkNPZWNhUFxuWDE3aVVBY2RWd0tCZ0QzNmpGWGFIQ1g3ZTEvay9JcC9YWGZLMjF4c1VFQWh4TXoyU1FyYkFXWElzalMyRlhmNlxuUTJFVVhsYUpTVVZNSHJSdFhNVHNnZU4zL1ZhSWpFMWhKOURva0ltSVJxM3RRdzRrOUR4NWlDOENPbTY1QTFpM1xuWTZIeC9GVzZoczRQT1o2N2t3VDZwVmlDVEFUdnByWE56L1dZSFlhb2xWaHlwK1I3ZW5IWTVKblBBb0dCQUl2MlxueUtFRkI2eWJtajdCSS8xMTJoWVFqNUhyTXdYYVd2dkE1WGxWdEl2a3pFa0Y0YzZGSnRTQ2lkQWtuUUZGRlg1dFxuTUxlaEhQd2x3aXNwU1B2aG4wV0FGa0NyRUZJNTZDTG1xQU9rTzErZC9oMXNGVnJKYmhabzdyeEMyVDF6RnRPY1xuUUZqaUVKMnFqQ2w0clFhNHNzdDFlT3VaRGdJN3hMZ251QjBKNnVBTEFvR0JBT25oOStCY3dpTlQwb0o3ZkRpV1xuVHpYdXpxSmhyQ0dnZDdZV1hRRHZSekl2NEc2aEtIMldpM1dJZ0VCYUtlZTRPU2RCcjFYTEluOVExbkp3S0RlTFxuMjFLTnJSV1VvZEphZXBYMGlDSzI4TlhXb3hQL1N2Q3R2dExKNXQwZityRlErQnRGclQyRVpDcVNndVJtSVFqQVxuZEl0enFIUGV5eVZ3YjdISVNuT0lmYmx0XG4tLS0tLUVORCBQUklWQVRFIEtFWS0tLS0tXG4iLAogICJjbGllbnRfZW1haWwiOiAiaGFyaWNoYW5kYW5hQGdjcC1wcm9qZWN0LTQ0MDQxNi5pYW0uZ3NlcnZpY2VhY2NvdW50LmNvbSIsCiAgImNsaWVudF9pZCI6ICIxMTU5NDcyOTA3ODQyMDczNzE0NjAiLAogICJhdXRoX3VyaSI6ICJodHRwczovL2FjY291bnRzLmdvb2dsZS5jb20vby9vYXV0aDIvYXV0aCIsCiAgInRva2VuX3VyaSI6ICJodHRwczovL29hdXRoMi5nb29nbGVhcGlzLmNvbS90b2tlbiIsCiAgImF1dGhfcHJvdmlkZXJfeDUwOV9jZXJ0X3VybCI6ICJodHRwczovL3d3dy5nb29nbGVhcGlzLmNvbS9vYXV0aDIvdjEvY2VydHMiLAogICJjbGllbnRfeDUwOV9jZXJ0X3VybCI6ICJodHRwczovL3d3dy5nb29nbGVhcGlzLmNvbS9yb2JvdC92MS9tZXRhZGF0YS94NTA5L2hhcmljaGFuZGFuYSU0MGdjcC1wcm9qZWN0LTQ0MDQxNi5pYW0uZ3NlcnZpY2VhY2NvdW50LmNvbSIsCiAgInVuaXZlcnNlX2RvbWFpbiI6ICJnb29nbGVhcGlzLmNvbSIKfQo=",
            "private_key_type": "TYPE_GOOGLE_CREDENTIALS_FILE",
            "public_key": "LS0tLS1CRUdJTiBDRVJUSUZJQ0FURS0tLS0tCk1JSUMvVENDQWVXZ0F3SUJBZ0lKQUlzR2tTbnNOa3V6TUEwR0NTcUdTSWIzRFFFQkJRVUFNQ0F4SGpBY0JnTlYKQkFNTUZURXhOVGswTnpJNU1EYzROREl3TnpNM01UUTJNREFnRncweU5ERXlNVEl4T0RJek5UbGFHQTg1T1RrNQpNVEl6TVRJek5UazFPVm93SURFZU1Cd0dBMVVFQXd3Vk1URTFPVFEzTWprd056ZzBNakEzTXpjeE5EWXdNSUlCCklqQU5CZ2txaGtpRzl3MEJBUUVGQUFPQ0FROEFNSUlCQ2dLQ0FRRUFzaWdvMStsN003anp1SGYzS3U1TTdjU0oKWEQ0bCtVaDNKWlRYMHhhYkdvK1BUNmU3Nys3MjZRRGpXSUc2a0JLb1VuRTlwYmw4WWRSM2lLcEQvWGloMmxKaQpUL3ZsSTA1Y1JFWmdBbERObjg0ZERoYSs3Ujg2OW1wVlZVblFCS2RLRnRINUFQU0FLazJ0S2x1ekx1Sy93clF2Ck04NWNRdy9vZlZvUXNQWE5JQ0Ewc1V0WUZpSDJZY2VWUWpHYWxVY21GZ2RTWEg1Rnlaem1nRGUxaVN4Z0xwVTAKOC9YbksxbjZXaW84SEZaeG4xUm5QdFpwVmZZdi9KRmpla0pkYVZ3eEVxZVJXMldQUG8rZ3VkY2pucHk2SktkKwpEblgvRGFkUTdoWnA1Z2ZzS2xWK1JjYzlESTZnNGRkK0p4M3pHRDlaSmxUNXdNNy9FNUI0VVViUmVyaUFTUUlECkFRQUJvemd3TmpBTUJnTlZIUk1CQWY4RUFqQUFNQTRHQTFVZER3RUIvd1FFQXdJSGdEQVdCZ05WSFNVQkFmOEUKRERBS0JnZ3JCZ0VGQlFjREFqQU5CZ2txaGtpRzl3MEJBUVVGQUFPQ0FRRUFoS3g0NXdmdGhVU295UkwvcVdITApOT2JqYm53ZitBZzZRSjJ5enlSa3RYb1BZVVNiNFpyZk5RMlVHSTcvUTFuQmlqdkQxb29Na05RVTFST3ZPR1o1CmJpWWIrbkJwWmtRWkJKMTR3aTRsbFlBeHJTQ0h3U0NBZy9sK3hodjZ6MWh6T3Y1alN2b1ZqMTRhMk9VdkNmejIKUFRsRkRMaUh5YWVwTkFLZ0dTMWkvRDdpdTFQRy9iV015eHRvSDNPSmhHd2U3NXdTNnNVR0k5YzVuQXY0TGRxZwpuelM1NjlMVis5bkZkZVAzYlY1TWxXZU56UXBtOExETDVzYzJ3RU9RNDlUL0tsRE9GMTBqRGtSTDhpMGdkdmFUClJsNXdzY3dMcGpGR1M5eXZJVjRBQksrL1dQNHJMRE81eXVMaDBzY2tDN0JWNkVSWUI1R2dvblBPR2FhYXhYaTQKTVE9PQotLS0tLUVORCBDRVJUSUZJQ0FURS0tLS0tCg==",
            "public_key_data": null,
            "public_key_type": "TYPE_X509_PEM_FILE",
            "service_account_id": "projects/gcp-project-440416/serviceAccounts/harichandana@gcp-project-440416.iam.gserviceaccount.com",
            "valid_after": "2024-12-12T18:23:59Z",
            "valid_before": "9999-12-31T23:59:59Z"
          },
          "sensitive_attributes": [
            [
              {
                "type": "get_attr",
                "value": "private_key"
              }
            ]
          ],
          "private": "bnVsbA==",
          "dependencies": [
            "google_service_account.hari_service_account_gcp"
          ]
        }
      ]
    },
    {
      "mode": "managed",
      "type": "google_storage_bucket",
      "name": "static3",
      "provider": "provider[\"registry.terraform.io/hashicorp/google\"]",
      "instances": [
        {
          "schema_version": 3,
          "attributes": {
            "autoclass": [],
            "cors": [
              {
                "max_age_seconds": 3600,
                "method": [
                  "GET",
                  "HEAD",
                  "PUT",
                  "POST",
                  "DELETE"
                ],
                "origin": [
                  "http://image-store.com"
                ],
                "response_header": [
                  "*"
                ]
              }
            ],
            "custom_placement_config": [],
            "default_event_based_hold": false,
            "effective_labels": {
              "goog-terraform-provisioned": "true"
            },
            "enable_object_retention": false,
            "encryption": [],
            "force_destroy": true,
            "hierarchical_namespace": [
              {
                "enabled": false
              }
            ],
            "id": "hari_bucket_3",
            "labels": null,
            "lifecycle_rule": [],
            "location": "US",
            "logging": [],
            "name": "hari_bucket_3",
            "project": "gcp-project-440416",
            "project_number": -1216914730,
            "public_access_prevention": "inherited",
            "requester_pays": false,
            "retention_policy": [],
            "rpo": "DEFAULT",
            "self_link": "https://www.googleapis.com/storage/v1/b/hari_bucket_3",
            "soft_delete_policy": [
              {
                "effective_time": "2024-12-16T19:07:39.021Z",
                "retention_duration_seconds": 604800
              }
            ],
            "storage_class": "STANDARD",
            "terraform_labels": {
              "goog-terraform-provisioned": "true"
            },
            "timeouts": null,
            "uniform_bucket_level_access": true,
            "url": "gs://hari_bucket_3",
            "versioning": [],
            "website": [
              {
                "main_page_suffix": "index.html",
                "not_found_page": "404.html"
              }
            ]
          },
          "sensitive_attributes": [],
          "private": "eyJlMmJmYjczMC1lY2FhLTExZTYtOGY4OC0zNDM2M2JjN2M0YzAiOnsiY3JlYXRlIjo2MDAwMDAwMDAwMDAsInJlYWQiOjI0MDAwMDAwMDAwMCwidXBkYXRlIjoyNDAwMDAwMDAwMDB9LCJzY2hlbWFfdmVyc2lvbiI6IjMifQ=="
        }
      ]
    }
  ],
  "check_results": null
}
