{
  "version": 4,
  "terraform_version": "1.10.1",
  "serial": 16,
  "lineage": "8aa46b02-1de3-fceb-78ec-355533a9ad00",
  "outputs": {},
  "resources": [
    {
      "mode": "managed",
      "type": "google_compute_firewall",
      "name": "default",
      "provider": "provider[\"registry.terraform.io/hashicorp/google\"]",
      "instances": [
        {
          "schema_version": 1,
          "attributes": {
            "allow": [
              {
                "ports": [],
                "protocol": "icmp"
              },
              {
                "ports": [],
                "protocol": "tcp"
              }
            ],
            "creation_timestamp": "2024-12-16T12:09:24.819-08:00",
            "deny": [],
            "description": "",
            "destination_ranges": [],
            "direction": "INGRESS",
            "disabled": false,
            "enable_logging": null,
            "id": "projects/gcp-project-440416/global/firewalls/firewall-trail5",
            "log_config": [],
            "name": "firewall-trail5",
            "network": "https://www.googleapis.com/compute/v1/projects/gcp-project-440416/global/networks/vpc-network",
            "priority": 1000,
            "project": "gcp-project-440416",
            "self_link": "https://www.googleapis.com/compute/v1/projects/gcp-project-440416/global/firewalls/firewall-trail5",
            "source_ranges": [
              "0.0.0.0/0"
            ],
            "source_service_accounts": [],
            "source_tags": [],
            "target_service_accounts": [],
            "target_tags": [],
            "timeouts": null
          },
          "sensitive_attributes": [],
          "private": "eyJlMmJmYjczMC1lY2FhLTExZTYtOGY4OC0zNDM2M2JjN2M0YzAiOnsiY3JlYXRlIjoxMjAwMDAwMDAwMDAwLCJkZWxldGUiOjEyMDAwMDAwMDAwMDAsInVwZGF0ZSI6MTIwMDAwMDAwMDAwMH0sInNjaGVtYV92ZXJzaW9uIjoiMSJ9",
          "dependencies": [
            "google_compute_network.vpc_network5"
          ]
        }
      ]
    },
    {
      "mode": "managed",
      "type": "google_compute_instance",
      "name": "hari-instance5",
      "provider": "provider[\"registry.terraform.io/hashicorp/google\"]",
      "instances": [
        {
          "schema_version": 6,
          "attributes": {
            "advanced_machine_features": [],
            "allow_stopping_for_update": null,
            "attached_disk": [],
            "boot_disk": [
              {
                "auto_delete": true,
                "device_name": "persistent-disk-0",
                "disk_encryption_key_raw": "",
                "disk_encryption_key_sha256": "",
                "initialize_params": [
                  {
                    "enable_confidential_compute": false,
                    "image": "https://www.googleapis.com/compute/v1/projects/debian-cloud/global/images/debian-12-bookworm-v20241210",
                    "labels": {},
                    "provisioned_iops": 0,
                    "provisioned_throughput": 0,
                    "resource_manager_tags": {},
                    "resource_policies": [],
                    "size": 10,
                    "storage_pool": "",
                    "type": "pd-standard"
                  }
                ],
                "interface": "",
                "kms_key_self_link": "",
                "mode": "READ_WRITE",
                "source": "https://www.googleapis.com/compute/v1/projects/gcp-project-440416/zones/us-central1-a/disks/hari-instance5"
              }
            ],
            "can_ip_forward": false,
            "confidential_instance_config": [],
            "cpu_platform": "Intel Broadwell",
            "creation_timestamp": "2024-12-16T12:09:47.169-08:00",
            "current_status": "RUNNING",
            "deletion_protection": false,
            "description": "",
            "desired_status": null,
            "effective_labels": {
              "goog-terraform-provisioned": "true"
            },
            "enable_display": false,
            "guest_accelerator": [],
            "hostname": "",
            "id": "projects/gcp-project-440416/zones/us-central1-a/instances/hari-instance5",
            "instance_id": "133760793841580005",
            "key_revocation_action_type": "",
            "label_fingerprint": "vezUS-42LLM=",
            "labels": {},
            "machine_type": "e2-medium",
            "metadata": {},
            "metadata_fingerprint": "tf_8pvy2rzQ=",
            "metadata_startup_script": null,
            "min_cpu_platform": "",
            "name": "hari-instance5",
            "network_interface": [
              {
                "access_config": [],
                "alias_ip_range": [],
                "internal_ipv6_prefix_length": 0,
                "ipv6_access_config": [],
                "ipv6_access_type": "",
                "ipv6_address": "",
                "name": "nic0",
                "network": "https://www.googleapis.com/compute/v1/projects/gcp-project-440416/global/networks/vpc-network",
                "network_ip": "10.2.0.2",
                "nic_type": "",
                "queue_count": 0,
                "stack_type": "IPV4_ONLY",
                "subnetwork": "https://www.googleapis.com/compute/v1/projects/gcp-project-440416/regions/us-central1/subnetworks/sub-network",
                "subnetwork_project": "gcp-project-440416"
              }
            ],
            "network_performance_config": [],
            "params": [],
            "project": "gcp-project-440416",
            "reservation_affinity": [],
            "resource_policies": [],
            "scheduling": [
              {
                "automatic_restart": true,
                "instance_termination_action": "",
                "local_ssd_recovery_timeout": [],
                "max_run_duration": [],
                "min_node_cpus": 0,
                "node_affinities": [],
                "on_host_maintenance": "MIGRATE",
                "on_instance_stop_action": [],
                "preemptible": false,
                "provisioning_model": "STANDARD"
              }
            ],
            "scratch_disk": [],
            "self_link": "https://www.googleapis.com/compute/v1/projects/gcp-project-440416/zones/us-central1-a/instances/hari-instance5",
            "service_account": [],
            "shielded_instance_config": [
              {
                "enable_integrity_monitoring": true,
                "enable_secure_boot": false,
                "enable_vtpm": true
              }
            ],
            "tags": [
              "http-server",
              "https-server"
            ],
            "tags_fingerprint": "6smc4R4d39I=",
            "terraform_labels": {
              "goog-terraform-provisioned": "true"
            },
            "timeouts": null,
            "zone": "us-central1-a"
          },
          "sensitive_attributes": [
            [
              {
                "type": "get_attr",
                "value": "boot_disk"
              },
              {
                "type": "index",
                "value": {
                  "value": 0,
                  "type": "number"
                }
              },
              {
                "type": "get_attr",
                "value": "disk_encryption_key_raw"
              }
            ]
          ],
          "private": "eyJlMmJmYjczMC1lY2FhLTExZTYtOGY4OC0zNDM2M2JjN2M0YzAiOnsiY3JlYXRlIjoxMjAwMDAwMDAwMDAwLCJkZWxldGUiOjEyMDAwMDAwMDAwMDAsInVwZGF0ZSI6MTIwMDAwMDAwMDAwMH0sInNjaGVtYV92ZXJzaW9uIjoiNiJ9",
          "dependencies": [
            "google_compute_network.vpc_network5",
            "google_compute_subnetwork.sub_network5"
          ]
        }
      ]
    },
    {
      "mode": "managed",
      "type": "google_compute_network",
      "name": "vpc_network5",
      "provider": "provider[\"registry.terraform.io/hashicorp/google\"]",
      "instances": [
        {
          "schema_version": 0,
          "attributes": {
            "auto_create_subnetworks": false,
            "delete_default_routes_on_create": false,
            "description": "",
            "enable_ula_internal_ipv6": false,
            "gateway_ipv4": "",
            "id": "projects/gcp-project-440416/global/networks/vpc-network",
            "internal_ipv6_range": "",
            "mtu": 0,
            "name": "vpc-network",
            "network_firewall_policy_enforcement_order": "AFTER_CLASSIC_FIREWALL",
            "numeric_id": "6004481574187120176",
            "project": "gcp-project-440416",
            "routing_mode": "REGIONAL",
            "self_link": "https://www.googleapis.com/compute/v1/projects/gcp-project-440416/global/networks/vpc-network",
            "timeouts": null
          },
          "sensitive_attributes": [],
          "private": "eyJlMmJmYjczMC1lY2FhLTExZTYtOGY4OC0zNDM2M2JjN2M0YzAiOnsiY3JlYXRlIjoxMjAwMDAwMDAwMDAwLCJkZWxldGUiOjEyMDAwMDAwMDAwMDAsInVwZGF0ZSI6MTIwMDAwMDAwMDAwMH19"
        }
      ]
    },
    {
      "mode": "managed",
      "type": "google_compute_subnetwork",
      "name": "sub_network5",
      "provider": "provider[\"registry.terraform.io/hashicorp/google\"]",
      "instances": [
        {
          "schema_version": 0,
          "attributes": {
            "creation_timestamp": "2024-12-16T12:09:24.824-08:00",
            "description": "",
            "external_ipv6_prefix": "",
            "fingerprint": null,
            "gateway_address": "10.2.0.1",
            "id": "projects/gcp-project-440416/regions/us-central1/subnetworks/sub-network",
            "internal_ipv6_prefix": "",
            "ip_cidr_range": "10.2.0.0/16",
            "ipv6_access_type": "",
            "ipv6_cidr_range": "",
            "log_config": [],
            "name": "sub-network",
            "network": "https://www.googleapis.com/compute/v1/projects/gcp-project-440416/global/networks/vpc-network",
            "private_ip_google_access": false,
            "private_ipv6_google_access": "DISABLE_GOOGLE_ACCESS",
            "project": "gcp-project-440416",
            "purpose": "PRIVATE",
            "region": "us-central1",
            "reserved_internal_range": "",
            "role": "",
            "secondary_ip_range": [],
            "self_link": "https://www.googleapis.com/compute/v1/projects/gcp-project-440416/regions/us-central1/subnetworks/sub-network",
            "send_secondary_ip_range_if_empty": null,
            "stack_type": "IPV4_ONLY",
            "subnetwork_id": -1177733605,
            "timeouts": null
          },
          "sensitive_attributes": [],
          "private": "eyJlMmJmYjczMC1lY2FhLTExZTYtOGY4OC0zNDM2M2JjN2M0YzAiOnsiY3JlYXRlIjoxMjAwMDAwMDAwMDAwLCJkZWxldGUiOjEyMDAwMDAwMDAwMDAsInVwZGF0ZSI6MTIwMDAwMDAwMDAwMH19",
          "dependencies": [
            "google_compute_network.vpc_network5"
          ]
        }
      ]
    },
    {
      "mode": "managed",
      "type": "google_secret_manager_secret",
      "name": "hari_service_account_key_secret1",
      "provider": "provider[\"registry.terraform.io/hashicorp/google\"]",
      "instances": [
        {
          "schema_version": 0,
          "attributes": {
            "annotations": {},
            "create_time": "2024-12-16T20:09:03.262372Z",
            "effective_annotations": {},
            "effective_labels": {
              "goog-terraform-provisioned": "true",
              "secretmanager": "service_account_key"
            },
            "expire_time": "",
            "id": "projects/gcp-project-440416/secrets/service_account_key",
            "labels": {
              "secretmanager": "service_account_key"
            },
            "name": "projects/41732758230/secrets/service_account_key",
            "project": "gcp-project-440416",
            "replication": [
              {
                "auto": [
                  {
                    "customer_managed_encryption": []
                  }
                ],
                "user_managed": []
              }
            ],
            "rotation": [],
            "secret_id": "service_account_key",
            "terraform_labels": {
              "goog-terraform-provisioned": "true",
              "secretmanager": "service_account_key"
            },
            "timeouts": null,
            "topics": [],
            "ttl": null,
            "version_aliases": {},
            "version_destroy_ttl": ""
          },
          "sensitive_attributes": [],
          "private": "eyJlMmJmYjczMC1lY2FhLTExZTYtOGY4OC0zNDM2M2JjN2M0YzAiOnsiY3JlYXRlIjoxMjAwMDAwMDAwMDAwLCJkZWxldGUiOjEyMDAwMDAwMDAwMDAsInVwZGF0ZSI6MTIwMDAwMDAwMDAwMH19"
        }
      ]
    },
    {
      "mode": "managed",
      "type": "google_secret_manager_secret_version",
      "name": "custom_service_account_key_version12",
      "provider": "provider[\"registry.terraform.io/hashicorp/google\"]",
      "instances": [
        {
          "schema_version": 0,
          "attributes": {
            "create_time": "2024-12-16T20:09:04.350385Z",
            "deletion_policy": "DELETE",
            "destroy_time": "",
            "enabled": true,
            "id": "projects/41732758230/secrets/service_account_key/versions/1",
            "is_secret_data_base64": false,
            "name": "projects/41732758230/secrets/service_account_key/versions/1",
            "secret": "projects/gcp-project-440416/secrets/service_account_key",
            "secret_data": "Harichandana Gattamaneni",
            "timeouts": null,
            "version": "1"
          },
          "sensitive_attributes": [
            [
              {
                "type": "get_attr",
                "value": "secret_data"
              }
            ]
          ],
          "private": "eyJlMmJmYjczMC1lY2FhLTExZTYtOGY4OC0zNDM2M2JjN2M0YzAiOnsiY3JlYXRlIjoxMjAwMDAwMDAwMDAwLCJkZWxldGUiOjEyMDAwMDAwMDAwMDAsInVwZGF0ZSI6MTIwMDAwMDAwMDAwMH19",
          "dependencies": [
            "google_secret_manager_secret.hari_service_account_key_secret1"
          ]
        }
      ]
    },
    {
      "mode": "managed",
      "type": "google_secret_manager_secret_version",
      "name": "hari_service_account_key_version11",
      "provider": "provider[\"registry.terraform.io/hashicorp/google\"]",
      "instances": [
        {
          "schema_version": 0,
          "attributes": {
            "create_time": "2024-12-16T20:09:27.784396Z",
            "deletion_policy": "DELETE",
            "destroy_time": "",
            "enabled": true,
            "id": "projects/41732758230/secrets/service_account_key/versions/2",
            "is_secret_data_base64": false,
            "name": "projects/41732758230/secrets/service_account_key/versions/2",
            "secret": "projects/gcp-project-440416/secrets/service_account_key",
            "secret_data": "ewogICJ0eXBlIjogInNlcnZpY2VfYWNjb3VudCIsCiAgInByb2plY3RfaWQiOiAiZ2NwLXByb2plY3QtNDQwNDE2IiwKICAicHJpdmF0ZV9rZXlfaWQiOiAiN2MzNDJhNzIxMjM2NmYwNGEzNDgyM2ViMzJiMGMzY2IxZmMwMmNjNCIsCiAgInByaXZhdGVfa2V5IjogIi0tLS0tQkVHSU4gUFJJVkFURSBLRVktLS0tLVxuTUlJRXZnSUJBREFOQmdrcWhraUc5dzBCQVFFRkFBU0NCS2d3Z2dTa0FnRUFBb0lCQVFDaUdaajVVRjlibHkzZFxuMVZNUkJ4Nm5LaVZrR1Fyem9uNENEdG9oRmNjU2xldnJRcU4wNXRDZmpFZkRiQzNzVDFUd2JqTGNJYi9vdVVaL1xuazFCeVZLakwxSmlsbGUydkluZDlveXZvcGpqb0RKdURhdEVYelB4ajlZL251bytKelVnQjAwQlJjNWU3clhBaFxucWNJTHNwLzFPbTAxd2tqRkVYVFEyd0dMaGYwNjBXTmYvVTBQcHdLaTd6bFdDTnZHNWlFTHJNamZXaGM4cVBVQ1xuL2pOVDNHWlVLOHF0VDZ6WFhoQWNuV09kMGcxUFFOcHpKRHB0V282dUcxNmVCaGJzSUc0c21XMUlSRjBaSk1ueFxuSUxKZjdqK2xNM3plb3Vwdi95bHFudWgrNm1jWEhmU1pMa3IrZDd1eFZnam5tWXU0djBCVFI1Z3VFOS9lVDBaTlxuRTBQS0ZUQ1hBZ01CQUFFQ2dnRUFLZjVicE9ydmFUam5CdnNHdy9pR05tUXl2NVhGUW95ci9EaUF4ZVZ3Wng0elxudWdUUGQ2OThDSGs4OWlHR1hCdkpNMmc1QU5JMWQwTFlRcUNWVEtrbCtYZ2YrM1cxMTVNa1JZWUtFQUZQNkwyclxuWkFZK0dONWYzRDEzaEY3T1pMS3JudDF0WWl5QitIcmIrN3lRcXBzaDJWUERpeFBENmxtMVc0NEEvblk5dmdpcVxuL1RVb05lQjdsSG40TGFKYjhVQzQ3NGUxYUdycjRmZjJoeko1M0M2SWRSVklKQ3l6elpteUVWN293RzROUTlzcVxuVG4wZXRxNjVYazFtMmlRbFlZb085alNOQXhhN2dRa1EzNmVUYlYrQ1hUcGJuQ2hSZHAwZWRyZnpCYUV6T2NGZ1xuWWhXR0VhWnZIY3QvVVdmN0I3TjEwM1dFY1o5NWQvUGVhU0NsQ3hjWkFRS0JnUURWb0k1VXBzSUtya29VWXF3Q1xucFB4bmMxY1ZYV0hKNjVEY3l0ekJnaExWRUtBWHRwYllIamVEOXdacTlmSExBMmtqOEtZSlFPQTBrb29TUTVLU1xudVpPOTZiRTBPS1Vzems5SXdCRDUrUFVCZURkbTNOQmtLVFdhSUNGTVBFcC9QZVNJN2s2Q25rdUJ0eGRjOTN1aVxubmVydzY0OXNYNGU2UjI0RU1JYVV4VmdqVndLQmdRRENRSjladGJGb3FyVXRoV2RDTkVTMGJ6aTAzT01vWElhY1xuZjhTTHpmdFErY0daeW9lZGw1KzQwcXlmT0pYMUlIRFEzelFFeVQybFZVYWM2Si81ZTBRSWxoWXB6cU5YWVAyVlxua1JMUFpjRFMzZjVWeDl6QTIxeEpMZDJpRmpzTWdUQVpub3FlTXU0ZlVNa0RmOUx2T3oySXNHQnlZdXRsTXN6R1xud1hYaDlRWlV3UUtCZ1FDMmFBU0FCVytVSFNQRjZrYkRiMHJScm11Q0k1MDNBM3hLK3JDcVRqMTBUbURVUHFUb1xuWGt5NjBuZFpaeTJSVWhVNWllYkw2ZWhIRzRUbmVXa3kvV0JJZmIxQVFNblF5MHhwYXc1VDB4Nm9wWlJ3c1VVQ1xuOFNrQ3RFS2FUTFN6bHc2SFdTd1NYY1ZOT2grcDB1dHZlL1c2eHZoTTZma0R0ckFheGJCMFlWa1R1d0tCZ0h4VVxuRkNtODZ2SE00TzFqeHZWT3N2S3hoUi90aU02YWVlWE11U1dxRHNLRE9IQ1Fla0JaZlhjMEVCeFFnVnBGQ3pBRVxuekN5TUNSSzdBOWtGNHU0eEFSaGx4NFcycGtFVTZQbER3MEJQSmgxUXpLcG1vMW9rakdxaUdvclZvN0diTmdnUFxudXpVSjcvTEhLQUUvWE9pVmlBcm1xTFJOcjlBenRYRTQvWlJEMld1QkFvR0JBSVZHaFgzTjRmdmJtazlNd1RQWVxualF6eDl4QnFyd2o2a1lvUmNrWkpYZmxHYkpqQ1d6ZGNMekxaZ1dvME9zbzlNUGtjU3U2UWk4TmczZUt0ckpPZ1xub1B6UlUrVWRyU1NtNkQySys1cHhrTUFQdlFYelRVSkUwTE9zQ2tmQ2VxazhuTFA1TUJjRkhucnRJSlF1UzdiYVxucWp0QkNJREMyTnRzNmxGNEZUOTc3dEJWXG4tLS0tLUVORCBQUklWQVRFIEtFWS0tLS0tXG4iLAogICJjbGllbnRfZW1haWwiOiAiaGFyaWNoYW5kYW5hQGdjcC1wcm9qZWN0LTQ0MDQxNi5pYW0uZ3NlcnZpY2VhY2NvdW50LmNvbSIsCiAgImNsaWVudF9pZCI6ICIxMTM2OTgxMTgzNDgxNzUwMzAxMjQiLAogICJhdXRoX3VyaSI6ICJodHRwczovL2FjY291bnRzLmdvb2dsZS5jb20vby9vYXV0aDIvYXV0aCIsCiAgInRva2VuX3VyaSI6ICJodHRwczovL29hdXRoMi5nb29nbGVhcGlzLmNvbS90b2tlbiIsCiAgImF1dGhfcHJvdmlkZXJfeDUwOV9jZXJ0X3VybCI6ICJodHRwczovL3d3dy5nb29nbGVhcGlzLmNvbS9vYXV0aDIvdjEvY2VydHMiLAogICJjbGllbnRfeDUwOV9jZXJ0X3VybCI6ICJodHRwczovL3d3dy5nb29nbGVhcGlzLmNvbS9yb2JvdC92MS9tZXRhZGF0YS94NTA5L2hhcmljaGFuZGFuYSU0MGdjcC1wcm9qZWN0LTQ0MDQxNi5pYW0uZ3NlcnZpY2VhY2NvdW50LmNvbSIsCiAgInVuaXZlcnNlX2RvbWFpbiI6ICJnb29nbGVhcGlzLmNvbSIKfQo=",
            "timeouts": null,
            "version": "2"
          },
          "sensitive_attributes": [
            [
              {
                "type": "get_attr",
                "value": "secret_data"
              }
            ]
          ],
          "private": "eyJlMmJmYjczMC1lY2FhLTExZTYtOGY4OC0zNDM2M2JjN2M0YzAiOnsiY3JlYXRlIjoxMjAwMDAwMDAwMDAwLCJkZWxldGUiOjEyMDAwMDAwMDAwMDAsInVwZGF0ZSI6MTIwMDAwMDAwMDAwMH19",
          "dependencies": [
            "google_secret_manager_secret.hari_service_account_key_secret1",
            "google_service_account.hari_service_account_gcp1",
            "google_service_account_key.hari_service_account_key1"
          ]
        }
      ]
    },
    {
      "mode": "managed",
      "type": "google_service_account",
      "name": "hari_service_account_gcp1",
      "provider": "provider[\"registry.terraform.io/hashicorp/google\"]",
      "instances": [
        {
          "schema_version": 0,
          "attributes": {
            "account_id": "harichandana",
            "create_ignore_already_exists": null,
            "description": "",
            "disabled": false,
            "display_name": "devops-terraform",
            "email": "harichandana@gcp-project-440416.iam.gserviceaccount.com",
            "id": "projects/gcp-project-440416/serviceAccounts/harichandana@gcp-project-440416.iam.gserviceaccount.com",
            "member": "serviceAccount:harichandana@gcp-project-440416.iam.gserviceaccount.com",
            "name": "projects/gcp-project-440416/serviceAccounts/harichandana@gcp-project-440416.iam.gserviceaccount.com",
            "project": "gcp-project-440416",
            "timeouts": null,
            "unique_id": "113698118348175030124"
          },
          "sensitive_attributes": [],
          "private": "eyJlMmJmYjczMC1lY2FhLTExZTYtOGY4OC0zNDM2M2JjN2M0YzAiOnsiY3JlYXRlIjozMDAwMDAwMDAwMDB9fQ=="
        }
      ]
    },
    {
      "mode": "managed",
      "type": "google_service_account_key",
      "name": "hari_service_account_key1",
      "provider": "provider[\"registry.terraform.io/hashicorp/google\"]",
      "instances": [
        {
          "schema_version": 0,
          "attributes": {
            "id": "projects/gcp-project-440416/serviceAccounts/harichandana@gcp-project-440416.iam.gserviceaccount.com/keys/7c342a7212366f04a34823eb32b0c3cb1fc02cc4",
            "keepers": null,
            "key_algorithm": "KEY_ALG_RSA_2048",
            "name": "projects/gcp-project-440416/serviceAccounts/harichandana@gcp-project-440416.iam.gserviceaccount.com/keys/7c342a7212366f04a34823eb32b0c3cb1fc02cc4",
            "private_key": "ewogICJ0eXBlIjogInNlcnZpY2VfYWNjb3VudCIsCiAgInByb2plY3RfaWQiOiAiZ2NwLXByb2plY3QtNDQwNDE2IiwKICAicHJpdmF0ZV9rZXlfaWQiOiAiN2MzNDJhNzIxMjM2NmYwNGEzNDgyM2ViMzJiMGMzY2IxZmMwMmNjNCIsCiAgInByaXZhdGVfa2V5IjogIi0tLS0tQkVHSU4gUFJJVkFURSBLRVktLS0tLVxuTUlJRXZnSUJBREFOQmdrcWhraUc5dzBCQVFFRkFBU0NCS2d3Z2dTa0FnRUFBb0lCQVFDaUdaajVVRjlibHkzZFxuMVZNUkJ4Nm5LaVZrR1Fyem9uNENEdG9oRmNjU2xldnJRcU4wNXRDZmpFZkRiQzNzVDFUd2JqTGNJYi9vdVVaL1xuazFCeVZLakwxSmlsbGUydkluZDlveXZvcGpqb0RKdURhdEVYelB4ajlZL251bytKelVnQjAwQlJjNWU3clhBaFxucWNJTHNwLzFPbTAxd2tqRkVYVFEyd0dMaGYwNjBXTmYvVTBQcHdLaTd6bFdDTnZHNWlFTHJNamZXaGM4cVBVQ1xuL2pOVDNHWlVLOHF0VDZ6WFhoQWNuV09kMGcxUFFOcHpKRHB0V282dUcxNmVCaGJzSUc0c21XMUlSRjBaSk1ueFxuSUxKZjdqK2xNM3plb3Vwdi95bHFudWgrNm1jWEhmU1pMa3IrZDd1eFZnam5tWXU0djBCVFI1Z3VFOS9lVDBaTlxuRTBQS0ZUQ1hBZ01CQUFFQ2dnRUFLZjVicE9ydmFUam5CdnNHdy9pR05tUXl2NVhGUW95ci9EaUF4ZVZ3Wng0elxudWdUUGQ2OThDSGs4OWlHR1hCdkpNMmc1QU5JMWQwTFlRcUNWVEtrbCtYZ2YrM1cxMTVNa1JZWUtFQUZQNkwyclxuWkFZK0dONWYzRDEzaEY3T1pMS3JudDF0WWl5QitIcmIrN3lRcXBzaDJWUERpeFBENmxtMVc0NEEvblk5dmdpcVxuL1RVb05lQjdsSG40TGFKYjhVQzQ3NGUxYUdycjRmZjJoeko1M0M2SWRSVklKQ3l6elpteUVWN293RzROUTlzcVxuVG4wZXRxNjVYazFtMmlRbFlZb085alNOQXhhN2dRa1EzNmVUYlYrQ1hUcGJuQ2hSZHAwZWRyZnpCYUV6T2NGZ1xuWWhXR0VhWnZIY3QvVVdmN0I3TjEwM1dFY1o5NWQvUGVhU0NsQ3hjWkFRS0JnUURWb0k1VXBzSUtya29VWXF3Q1xucFB4bmMxY1ZYV0hKNjVEY3l0ekJnaExWRUtBWHRwYllIamVEOXdacTlmSExBMmtqOEtZSlFPQTBrb29TUTVLU1xudVpPOTZiRTBPS1Vzems5SXdCRDUrUFVCZURkbTNOQmtLVFdhSUNGTVBFcC9QZVNJN2s2Q25rdUJ0eGRjOTN1aVxubmVydzY0OXNYNGU2UjI0RU1JYVV4VmdqVndLQmdRRENRSjladGJGb3FyVXRoV2RDTkVTMGJ6aTAzT01vWElhY1xuZjhTTHpmdFErY0daeW9lZGw1KzQwcXlmT0pYMUlIRFEzelFFeVQybFZVYWM2Si81ZTBRSWxoWXB6cU5YWVAyVlxua1JMUFpjRFMzZjVWeDl6QTIxeEpMZDJpRmpzTWdUQVpub3FlTXU0ZlVNa0RmOUx2T3oySXNHQnlZdXRsTXN6R1xud1hYaDlRWlV3UUtCZ1FDMmFBU0FCVytVSFNQRjZrYkRiMHJScm11Q0k1MDNBM3hLK3JDcVRqMTBUbURVUHFUb1xuWGt5NjBuZFpaeTJSVWhVNWllYkw2ZWhIRzRUbmVXa3kvV0JJZmIxQVFNblF5MHhwYXc1VDB4Nm9wWlJ3c1VVQ1xuOFNrQ3RFS2FUTFN6bHc2SFdTd1NYY1ZOT2grcDB1dHZlL1c2eHZoTTZma0R0ckFheGJCMFlWa1R1d0tCZ0h4VVxuRkNtODZ2SE00TzFqeHZWT3N2S3hoUi90aU02YWVlWE11U1dxRHNLRE9IQ1Fla0JaZlhjMEVCeFFnVnBGQ3pBRVxuekN5TUNSSzdBOWtGNHU0eEFSaGx4NFcycGtFVTZQbER3MEJQSmgxUXpLcG1vMW9rakdxaUdvclZvN0diTmdnUFxudXpVSjcvTEhLQUUvWE9pVmlBcm1xTFJOcjlBenRYRTQvWlJEMld1QkFvR0JBSVZHaFgzTjRmdmJtazlNd1RQWVxualF6eDl4QnFyd2o2a1lvUmNrWkpYZmxHYkpqQ1d6ZGNMekxaZ1dvME9zbzlNUGtjU3U2UWk4TmczZUt0ckpPZ1xub1B6UlUrVWRyU1NtNkQySys1cHhrTUFQdlFYelRVSkUwTE9zQ2tmQ2VxazhuTFA1TUJjRkhucnRJSlF1UzdiYVxucWp0QkNJREMyTnRzNmxGNEZUOTc3dEJWXG4tLS0tLUVORCBQUklWQVRFIEtFWS0tLS0tXG4iLAogICJjbGllbnRfZW1haWwiOiAiaGFyaWNoYW5kYW5hQGdjcC1wcm9qZWN0LTQ0MDQxNi5pYW0uZ3NlcnZpY2VhY2NvdW50LmNvbSIsCiAgImNsaWVudF9pZCI6ICIxMTM2OTgxMTgzNDgxNzUwMzAxMjQiLAogICJhdXRoX3VyaSI6ICJodHRwczovL2FjY291bnRzLmdvb2dsZS5jb20vby9vYXV0aDIvYXV0aCIsCiAgInRva2VuX3VyaSI6ICJodHRwczovL29hdXRoMi5nb29nbGVhcGlzLmNvbS90b2tlbiIsCiAgImF1dGhfcHJvdmlkZXJfeDUwOV9jZXJ0X3VybCI6ICJodHRwczovL3d3dy5nb29nbGVhcGlzLmNvbS9vYXV0aDIvdjEvY2VydHMiLAogICJjbGllbnRfeDUwOV9jZXJ0X3VybCI6ICJodHRwczovL3d3dy5nb29nbGVhcGlzLmNvbS9yb2JvdC92MS9tZXRhZGF0YS94NTA5L2hhcmljaGFuZGFuYSU0MGdjcC1wcm9qZWN0LTQ0MDQxNi5pYW0uZ3NlcnZpY2VhY2NvdW50LmNvbSIsCiAgInVuaXZlcnNlX2RvbWFpbiI6ICJnb29nbGVhcGlzLmNvbSIKfQo=",
            "private_key_type": "TYPE_GOOGLE_CREDENTIALS_FILE",
            "public_key": "LS0tLS1CRUdJTiBDRVJUSUZJQ0FURS0tLS0tCk1JSUMvRENDQWVTZ0F3SUJBZ0lJTlIvdWhhT0ZPMFF3RFFZSktvWklodmNOQVFFRkJRQXdJREVlTUJ3R0ExVUUKQXd3Vk1URXpOams0TVRFNE16UTRNVGMxTURNd01USTBNQ0FYRFRJME1USXhOakl3TURreE5sb1lEems1T1RreApNak14TWpNMU9UVTVXakFnTVI0d0hBWURWUVFEREJVeE1UTTJPVGd4TVRnek5EZ3hOelV3TXpBeE1qUXdnZ0VpCk1BMEdDU3FHU0liM0RRRUJBUVVBQTRJQkR3QXdnZ0VLQW9JQkFRQ2lHWmo1VUY5Ymx5M2QxVk1SQng2bktpVmsKR1Fyem9uNENEdG9oRmNjU2xldnJRcU4wNXRDZmpFZkRiQzNzVDFUd2JqTGNJYi9vdVVaL2sxQnlWS2pMMUppbApsZTJ2SW5kOW95dm9wampvREp1RGF0RVh6UHhqOVkvbnVvK0p6VWdCMDBCUmM1ZTdyWEFocWNJTHNwLzFPbTAxCndrakZFWFRRMndHTGhmMDYwV05mL1UwUHB3S2k3emxXQ052RzVpRUxyTWpmV2hjOHFQVUMvak5UM0daVUs4cXQKVDZ6WFhoQWNuV09kMGcxUFFOcHpKRHB0V282dUcxNmVCaGJzSUc0c21XMUlSRjBaSk1ueElMSmY3aitsTTN6ZQpvdXB2L3lscW51aCs2bWNYSGZTWkxrcitkN3V4Vmdqbm1ZdTR2MEJUUjVndUU5L2VUMFpORTBQS0ZUQ1hBZ01CCkFBR2pPREEyTUF3R0ExVWRFd0VCL3dRQ01BQXdEZ1lEVlIwUEFRSC9CQVFEQWdlQU1CWUdBMVVkSlFFQi93UU0KTUFvR0NDc0dBUVVGQndNQ01BMEdDU3FHU0liM0RRRUJCUVVBQTRJQkFRQW8vYU1ZVnVBQnowV0dnUlRMenlNRApVendVYmpST2FRVG43eE90SVZnZ2RVR2xQNE9QSFVqWFptUHJYelpjaHM0MzlHWlN2ZUFvOHFTdFBKWkFxUGRKClpGWGFsZC96RnNLdklQdWpVc1ZNL1BLcEw0NjB1aWdRUHdBanBZOHVJUi9DdFQrTTNycExNeGExdU9pT3JxRXEKVFJzTE44SXFYSnlkMkYxTDQ0V3FVUENxTnNyRFovb0NxVEJscUVtTzE1VndBVDRQcDhVSDlLRmxUcTloS29FTAp5ZGFORmFEclN6TFJ0Sk93TDlZNTVVbUs5Q3FoS2pZQThPTU5xTi85dVlpRWZQU2NxcU90b2xDVjF3VVBva0lTCmE1d0FidWUrSVEzV1gvcmpDU0hQZS9JMkVpZ0I1RVYvVndWNm84azFmNEd5bWxJK0hyUzMxdGZHUm82bDRWMlYKLS0tLS1FTkQgQ0VSVElGSUNBVEUtLS0tLQo=",
            "public_key_data": null,
            "public_key_type": "TYPE_X509_PEM_FILE",
            "service_account_id": "projects/gcp-project-440416/serviceAccounts/harichandana@gcp-project-440416.iam.gserviceaccount.com",
            "valid_after": "2024-12-16T20:09:16Z",
            "valid_before": "9999-12-31T23:59:59Z"
          },
          "sensitive_attributes": [
            [
              {
                "type": "get_attr",
                "value": "private_key"
              }
            ]
          ],
          "private": "bnVsbA==",
          "dependencies": [
            "google_service_account.hari_service_account_gcp1"
          ]
        }
      ]
    },
    {
      "mode": "managed",
      "type": "google_storage_bucket",
      "name": "hari_bucket_6",
      "provider": "provider[\"registry.terraform.io/hashicorp/google\"]",
      "instances": [
        {
          "schema_version": 3,
          "attributes": {
            "autoclass": [],
            "cors": [
              {
                "max_age_seconds": 3600,
                "method": [
                  "GET",
                  "HEAD",
                  "PUT",
                  "POST",
                  "DELETE"
                ],
                "origin": [
                  "http://image-store.com"
                ],
                "response_header": [
                  "*"
                ]
              }
            ],
            "custom_placement_config": [],
            "default_event_based_hold": false,
            "effective_labels": {
              "goog-terraform-provisioned": "true"
            },
            "enable_object_retention": false,
            "encryption": [],
            "force_destroy": true,
            "hierarchical_namespace": [
              {
                "enabled": false
              }
            ],
            "id": "hari_bucket_6",
            "labels": null,
            "lifecycle_rule": [],
            "location": "US",
            "logging": [],
            "name": "hari_bucket_6",
            "project": "gcp-project-440416",
            "project_number": -1216914730,
            "public_access_prevention": "inherited",
            "requester_pays": false,
            "retention_policy": [],
            "rpo": "DEFAULT",
            "self_link": "https://www.googleapis.com/storage/v1/b/hari_bucket_6",
            "soft_delete_policy": [
              {
                "effective_time": "2024-12-16T20:11:34.879Z",
                "retention_duration_seconds": 604800
              }
            ],
            "storage_class": "STANDARD",
            "terraform_labels": {
              "goog-terraform-provisioned": "true"
            },
            "timeouts": null,
            "uniform_bucket_level_access": true,
            "url": "gs://hari_bucket_6",
            "versioning": [],
            "website": [
              {
                "main_page_suffix": "index.html",
                "not_found_page": "404.html"
              }
            ]
          },
          "sensitive_attributes": [],
          "private": "eyJlMmJmYjczMC1lY2FhLTExZTYtOGY4OC0zNDM2M2JjN2M0YzAiOnsiY3JlYXRlIjo2MDAwMDAwMDAwMDAsInJlYWQiOjI0MDAwMDAwMDAwMCwidXBkYXRlIjoyNDAwMDAwMDAwMDB9LCJzY2hlbWFfdmVyc2lvbiI6IjMifQ=="
        }
      ]
    }
  ],
  "check_results": null
}
